
Microsoft Visual Studio Solution File, Format Version 12.00
# Visual Studio Version 17
VisualStudioVersion = 17.0.31903.59
MinimumVisualStudioVersion = 10.0.40219.1
Project("{2150E333-8FDC-42A3-9474-1A3956D46DE8}") = "src", "src", "{827E0CD3-B72D-47B6-A68D-7590B98EB39B}"
EndProject
Project("{FAE04EC0-301F-11D3-BF4B-00C04F79EFBC}") = "HKLifeSim.Core", "src\HKLifeSim.Core\HKLifeSim.Core.csproj", "{05327B3E-7A9C-4498-89DF-139B65DCBC5D}"
EndProject
Project("{2150E333-8FDC-42A3-9474-1A3956D46DE8}") = "tests", "tests", "{0AB3BF05-4346-4AA6-1389-037BE0695223}"
EndProject
Project("{FAE04EC0-301F-11D3-BF4B-00C04F79EFBC}") = "HKLifeSim.Core.Tests", "tests\HKLifeSim.Core.Tests\HKLifeSim.Core.Tests.csproj", "{ECE97A21-0025-4961-AD69-07107F0EE2C6}"
EndProject
Project("{FAE04EC0-301F-11D3-BF4B-00C04F79EFBC}") = "HKLifeSim.Cli", "src\HKLifeSim.Cli\HKLifeSim.Cli.csproj", "{712CB084-C7FA-434E-9AA8-C9D50BBA4D63}"
EndProject
Project("{FAE04EC0-301F-11D3-BF4B-00C04F79EFBC}") = "HKLifeSim.Desktop", "src\HKLifeSim.Desktop\HKLifeSim.Desktop.csproj", "{E8C67231-3BC3-42A2-A1AA-561FDCB73D74}"
EndProject
Global
	GlobalSection(SolutionConfigurationPlatforms) = preSolution
		Debug|Any CPU = Debug|Any CPU
		Debug|x64 = Debug|x64
		Debug|x86 = Debug|x86
		Release|Any CPU = Release|Any CPU
		Release|x64 = Release|x64
		Release|x86 = Release|x86
	EndGlobalSection
	GlobalSection(ProjectConfigurationPlatforms) = postSolution
		{05327B3E-7A9C-4498-89DF-139B65DCBC5D}.Debug|Any CPU.ActiveCfg = Debug|Any CPU
		{05327B3E-7A9C-4498-89DF-139B65DCBC5D}.Debug|Any CPU.Build.0 = Debug|Any CPU
		{05327B3E-7A9C-4498-89DF-139B65DCBC5D}.Debug|x64.ActiveCfg = Debug|Any CPU
		{05327B3E-7A9C-4498-89DF-139B65DCBC5D}.Debug|x64.Build.0 = Debug|Any CPU
		{05327B3E-7A9C-4498-89DF-139B65DCBC5D}.Debug|x86.ActiveCfg = Debug|Any CPU
		{05327B3E-7A9C-4498-89DF-139B65DCBC5D}.Debug|x86.Build.0 = Debug|Any CPU
		{05327B3E-7A9C-4498-89DF-139B65DCBC5D}.Release|Any CPU.ActiveCfg = Release|Any CPU
		{05327B3E-7A9C-4498-89DF-139B65DCBC5D}.Release|Any CPU.Build.0 = Release|Any CPU
		{05327B3E-7A9C-4498-89DF-139B65DCBC5D}.Release|x64.ActiveCfg = Release|Any CPU
		{05327B3E-7A9C-4498-89DF-139B65DCBC5D}.Release|x64.Build.0 = Release|Any CPU
		{05327B3E-7A9C-4498-89DF-139B65DCBC5D}.Release|x86.ActiveCfg = Release|Any CPU
		{05327B3E-7A9C-4498-89DF-139B65DCBC5D}.Release|x86.Build.0 = Release|Any CPU
		{ECE97A21-0025-4961-AD69-07107F0EE2C6}.Debug|Any CPU.ActiveCfg = Debug|Any CPU
		{ECE97A21-0025-4961-AD69-07107F0EE2C6}.Debug|Any CPU.Build.0 = Debug|Any CPU
		{ECE97A21-0025-4961-AD69-07107F0EE2C6}.Debug|x64.ActiveCfg = Debug|Any CPU
		{ECE97A21-0025-4961-AD69-07107F0EE2C6}.Debug|x64.Build.0 = Debug|Any CPU
		{ECE97A21-0025-4961-AD69-07107F0EE2C6}.Debug|x86.ActiveCfg = Debug|Any CPU
		{ECE97A21-0025-4961-AD69-07107F0EE2C6}.Debug|x86.Build.0 = Debug|Any CPU
		{ECE97A21-0025-4961-AD69-07107F0EE2C6}.Release|Any CPU.ActiveCfg = Release|Any CPU
		{ECE97A21-0025-4961-AD69-07107F0EE2C6}.Release|Any CPU.Build.0 = Release|Any CPU
		{ECE97A21-0025-4961-AD69-07107F0EE2C6}.Release|x64.ActiveCfg = Release|Any CPU
		{ECE97A21-0025-4961-AD69-07107F0EE2C6}.Release|x64.Build.0 = Release|Any CPU
		{ECE97A21-0025-4961-AD69-07107F0EE2C6}.Release|x86.ActiveCfg = Release|Any CPU
		{ECE97A21-0025-4961-AD69-07107F0EE2C6}.Release|x86.Build.0 = Release|Any CPU
		{712CB084-C7FA-434E-9AA8-C9D50BBA4D63}.Debug|Any CPU.ActiveCfg = Debug|Any CPU
		{712CB084-C7FA-434E-9AA8-C9D50BBA4D63}.Debug|Any CPU.Build.0 = Debug|Any CPU
		{712CB084-C7FA-434E-9AA8-C9D50BBA4D63}.Debug|x64.ActiveCfg = Debug|Any CPU
		{712CB084-C7FA-434E-9AA8-C9D50BBA4D63}.Debug|x64.Build.0 = Debug|Any CPU
		{712CB084-C7FA-434E-9AA8-C9D50BBA4D63}.Debug|x86.ActiveCfg = Debug|Any CPU
		{712CB084-C7FA-434E-9AA8-C9D50BBA4D63}.Debug|x86.Build.0 = Debug|Any CPU
		{712CB084-C7FA-434E-9AA8-C9D50BBA4D63}.Release|Any CPU.ActiveCfg = Release|Any CPU
		{712CB084-C7FA-434E-9AA8-C9D50BBA4D63}.Release|Any CPU.Build.0 = Release|Any CPU
		{712CB084-C7FA-434E-9AA8-C9D50BBA4D63}.Release|x64.ActiveCfg = Release|Any CPU
		{712CB084-C7FA-434E-9AA8-C9D50BBA4D63}.Release|x64.Build.0 = Release|Any CPU
		{712CB084-C7FA-434E-9AA8-C9D50BBA4D63}.Release|x86.ActiveCfg = Release|Any CPU
		{712CB084-C7FA-434E-9AA8-C9D50BBA4D63}.Release|x86.Build.0 = Release|Any CPU
		{E8C67231-3BC3-42A2-A1AA-561FDCB73D74}.Debug|Any CPU.ActiveCfg = Debug|Any CPU
		{E8C67231-3BC3-42A2-A1AA-561FDCB73D74}.Debug|Any CPU.Build.0 = Debug|Any CPU
		{E8C67231-3BC3-42A2-A1AA-561FDCB73D74}.Debug|x64.ActiveCfg = Debug|Any CPU
		{E8C67231-3BC3-42A2-A1AA-561FDCB73D74}.Debug|x64.Build.0 = Debug|Any CPU
		{E8C67231-3BC3-42A2-A1AA-561FDCB73D74}.Debug|x86.ActiveCfg = Debug|Any CPU
		{E8C67231-3BC3-42A2-A1AA-561FDCB73D74}.Debug|x86.Build.0 = Debug|Any CPU
		{E8C67231-3BC3-42A2-A1AA-561FDCB73D74}.Release|Any CPU.ActiveCfg = Release|Any CPU
		{E8C67231-3BC3-42A2-A1AA-561FDCB73D74}.Release|Any CPU.Build.0 = Release|Any CPU
		{E8C67231-3BC3-42A2-A1AA-561FDCB73D74}.Release|x64.ActiveCfg = Release|Any CPU
		{E8C67231-3BC3-42A2-A1AA-561FDCB73D74}.Release|x64.Build.0 = Release|Any CPU
		{E8C67231-3BC3-42A2-A1AA-561FDCB73D74}.Release|x86.ActiveCfg = Release|Any CPU
		{E8C67231-3BC3-42A2-A1AA-561FDCB73D74}.Release|x86.Build.0 = Release|Any CPU
	EndGlobalSection
	GlobalSection(SolutionProperties) = preSolution
		HideSolutionNode = FALSE
	EndGlobalSection
	GlobalSection(NestedProjects) = preSolution
		{05327B3E-7A9C-4498-89DF-139B65DCBC5D} = {827E0CD3-B72D-47B6-A68D-7590B98EB39B}
		{ECE97A21-0025-4961-AD69-07107F0EE2C6} = {0AB3BF05-4346-4AA6-1389-037BE0695223}
		{712CB084-C7FA-434E-9AA8-C9D50BBA4D63} = {827E0CD3-B72D-47B6-A68D-7590B98EB39B}
		{E8C67231-3BC3-42A2-A1AA-561FDCB73D74} = {827E0CD3-B72D-47B6-A68D-7590B98EB39B}
	EndGlobalSection
EndGlobal
